// !$*UTF8*$!
{
	archiveVersion = 1;
	classes = {
	};
	objectVersion = 56;
	objects = {

/* Begin PBXBuildFile section */
		C9BE1A7129F672C1009CCE6D /* kindaSwiftUIDemo_RequesterApp.swift in Sources */ = {isa = PBXBuildFile; fileRef = C9BE1A7029F672C1009CCE6D /* kindaSwiftUIDemo_RequesterApp.swift */; };
		C9BE1A7329F672C1009CCE6D /* ContentView.swift in Sources */ = {isa = PBXBuildFile; fileRef = C9BE1A7229F672C1009CCE6D /* ContentView.swift */; };
		C9BE1A7529F672C2009CCE6D /* Assets.xcassets in Resources */ = {isa = PBXBuildFile; fileRef = C9BE1A7429F672C2009CCE6D /* Assets.xcassets */; };
		C9BE1A7829F672C2009CCE6D /* Preview Assets.xcassets in Resources */ = {isa = PBXBuildFile; fileRef = C9BE1A7729F672C2009CCE6D /* Preview Assets.xcassets */; };
		C9BE1AAC29F67427009CCE6D /* Photo.swift in Sources */ = {isa = PBXBuildFile; fileRef = C9BE1AAB29F67427009CCE6D /* Photo.swift */; };
		C9BE1AAF29F682FC009CCE6D /* kindaSwiftUI in Frameworks */ = {isa = PBXBuildFile; productRef = C9BE1AAE29F682FC009CCE6D /* kindaSwiftUI */; };
		C9BE1AB129F68948009CCE6D /* KindaSwiftUI-Info.plist in Resources */ = {isa = PBXBuildFile; fileRef = C9BE1AB029F68948009CCE6D /* KindaSwiftUI-Info.plist */; };
		C9BE1AB329F68AA7009CCE6D /* PhotosView.swift in Sources */ = {isa = PBXBuildFile; fileRef = C9BE1AB229F68AA7009CCE6D /* PhotosView.swift */; };
/* End PBXBuildFile section */

/* Begin PBXFileReference section */
		C9BE1A6D29F672C1009CCE6D /* kindaSwiftUIDemo-Requester.app */ = {isa = PBXFileReference; explicitFileType = wrapper.application; includeInIndex = 0; path = "kindaSwiftUIDemo-Requester.app"; sourceTree = BUILT_PRODUCTS_DIR; };
		C9BE1A7029F672C1009CCE6D /* kindaSwiftUIDemo_RequesterApp.swift */ = {isa = PBXFileReference; lastKnownFileType = sourcecode.swift; path = kindaSwiftUIDemo_RequesterApp.swift; sourceTree = "<group>"; };
		C9BE1A7229F672C1009CCE6D /* ContentView.swift */ = {isa = PBXFileReference; lastKnownFileType = sourcecode.swift; path = ContentView.swift; sourceTree = "<group>"; };
		C9BE1A7429F672C2009CCE6D /* Assets.xcassets */ = {isa = PBXFileReference; lastKnownFileType = folder.assetcatalog; path = Assets.xcassets; sourceTree = "<group>"; };
		C9BE1A7729F672C2009CCE6D /* Preview Assets.xcassets */ = {isa = PBXFileReference; lastKnownFileType = folder.assetcatalog; path = "Preview Assets.xcassets"; sourceTree = "<group>"; };
		C9BE1AAB29F67427009CCE6D /* Photo.swift */ = {isa = PBXFileReference; lastKnownFileType = sourcecode.swift; path = Photo.swift; sourceTree = "<group>"; };
		C9BE1AB029F68948009CCE6D /* KindaSwiftUI-Info.plist */ = {isa = PBXFileReference; lastKnownFileType = text.plist.xml; path = "KindaSwiftUI-Info.plist"; sourceTree = "<group>"; };
		C9BE1AB229F68AA7009CCE6D /* PhotosView.swift */ = {isa = PBXFileReference; lastKnownFileType = sourcecode.swift; path = PhotosView.swift; sourceTree = "<group>"; };
/* End PBXFileReference section */

/* Begin PBXFrameworksBuildPhase section */
		C9BE1A6A29F672C1009CCE6D /* Frameworks */ = {
			isa = PBXFrameworksBuildPhase;
			buildActionMask = 2147483647;
			files = (
				C9BE1AAF29F682FC009CCE6D /* kindaSwiftUI in Frameworks */,
			);
			runOnlyForDeploymentPostprocessing = 0;
		};
/* End PBXFrameworksBuildPhase section */

/* Begin PBXGroup section */
		C9BE1A6429F672C1009CCE6D = {
			isa = PBXGroup;
			children = (
				C9BE1A6F29F672C1009CCE6D /* kindaSwiftUIDemo-Requester */,
				C9BE1A6E29F672C1009CCE6D /* Products */,
			);
			sourceTree = "<group>";
		};
		C9BE1A6E29F672C1009CCE6D /* Products */ = {
			isa = PBXGroup;
			children = (
				C9BE1A6D29F672C1009CCE6D /* kindaSwiftUIDemo-Requester.app */,
			);
			name = Products;
			sourceTree = "<group>";
		};
		C9BE1A6F29F672C1009CCE6D /* kindaSwiftUIDemo-Requester */ = {
			isa = PBXGroup;
			children = (
				C9BE1A7029F672C1009CCE6D /* kindaSwiftUIDemo_RequesterApp.swift */,
				C9BE1A7229F672C1009CCE6D /* ContentView.swift */,
				C9BE1AB229F68AA7009CCE6D /* PhotosView.swift */,
				C9BE1AAB29F67427009CCE6D /* Photo.swift */,
				C9BE1AB029F68948009CCE6D /* KindaSwiftUI-Info.plist */,
				C9BE1A7429F672C2009CCE6D /* Assets.xcassets */,
				C9BE1A7629F672C2009CCE6D /* Preview Content */,
			);
			path = "kindaSwiftUIDemo-Requester";
			sourceTree = "<group>";
		};
		C9BE1A7629F672C2009CCE6D /* Preview Content */ = {
			isa = PBXGroup;
			children = (
				C9BE1A7729F672C2009CCE6D /* Preview Assets.xcassets */,
			);
			path = "Preview Content";
			sourceTree = "<group>";
		};
/* End PBXGroup section */

/* Begin PBXNativeTarget section */
		C9BE1A6C29F672C1009CCE6D /* kindaSwiftUIDemo-Requester */ = {
			isa = PBXNativeTarget;
			buildConfigurationList = C9BE1A7B29F672C2009CCE6D /* Build configuration list for PBXNativeTarget "kindaSwiftUIDemo-Requester" */;
			buildPhases = (
				C9BE1A6929F672C1009CCE6D /* Sources */,
				C9BE1A6A29F672C1009CCE6D /* Frameworks */,
				C9BE1A6B29F672C1009CCE6D /* Resources */,
			);
			buildRules = (
			);
			dependencies = (
			);
			name = "kindaSwiftUIDemo-Requester";
			packageProductDependencies = (
				C9BE1AAE29F682FC009CCE6D /* kindaSwiftUI */,
			);
			productName = "kindaSwiftUIDemo-Requester";
			productReference = C9BE1A6D29F672C1009CCE6D /* kindaSwiftUIDemo-Requester.app */;
			productType = "com.apple.product-type.application";
		};
/* End PBXNativeTarget section */

/* Begin PBXProject section */
		C9BE1A6529F672C1009CCE6D /* Project object */ = {
			isa = PBXProject;
			attributes = {
				BuildIndependentTargetsInParallel = 1;
				LastSwiftUpdateCheck = 1430;
				LastUpgradeCheck = 1430;
				TargetAttributes = {
					C9BE1A6C29F672C1009CCE6D = {
						CreatedOnToolsVersion = 14.3;
					};
				};
			};
			buildConfigurationList = C9BE1A6829F672C1009CCE6D /* Build configuration list for PBXProject "kindaSwiftUIDemo-Requester" */;
			compatibilityVersion = "Xcode 14.0";
			developmentRegion = en;
			hasScannedForEncodings = 0;
			knownRegions = (
				en,
				Base,
			);
			mainGroup = C9BE1A6429F672C1009CCE6D;
			packageReferences = (
				C9BE1AAD29F682FC009CCE6D /* XCRemoteSwiftPackageReference "kindaSwiftUI" */,
			);
			productRefGroup = C9BE1A6E29F672C1009CCE6D /* Products */;
			projectDirPath = "";
			projectRoot = "";
			targets = (
				C9BE1A6C29F672C1009CCE6D /* kindaSwiftUIDemo-Requester */,
			);
		};
/* End PBXProject section */

/* Begin PBXResourcesBuildPhase section */
		C9BE1A6B29F672C1009CCE6D /* Resources */ = {
			isa = PBXResourcesBuildPhase;
			buildActionMask = 2147483647;
			files = (
				C9BE1A7829F672C2009CCE6D /* Preview Assets.xcassets in Resources */,
				C9BE1AB129F68948009CCE6D /* KindaSwiftUI-Info.plist in Resources */,
				C9BE1A7529F672C2009CCE6D /* Assets.xcassets in Resources */,
			);
			runOnlyForDeploymentPostprocessing = 0;
		};
/* End PBXResourcesBuildPhase section */

/* Begin PBXSourcesBuildPhase section */
		C9BE1A6929F672C1009CCE6D /* Sources */ = {
			isa = PBXSourcesBuildPhase;
			buildActionMask = 2147483647;
			files = (
				C9BE1AAC29F67427009CCE6D /* Photo.swift in Sources */,
				C9BE1A7329F672C1009CCE6D /* ContentView.swift in Sources */,
				C9BE1A7129F672C1009CCE6D /* kindaSwiftUIDemo_RequesterApp.swift in Sources */,
				C9BE1AB329F68AA7009CCE6D /* PhotosView.swift in Sources */,
			);
			runOnlyForDeploymentPostprocessing = 0;
		};
/* End PBXSourcesBuildPhase section */

/* Begin XCBuildConfiguration section */
		C9BE1A7929F672C2009CCE6D /* Debug */ = {
			isa = XCBuildConfiguration;
			buildSettings = {
				ALWAYS_SEARCH_USER_PATHS = NO;
				CLANG_ANALYZER_NONNULL = YES;
				CLANG_ANALYZER_NUMBER_OBJECT_CONVERSION = YES_AGGRESSIVE;
				CLANG_CXX_LANGUAGE_STANDARD = "gnu++20";
				CLANG_ENABLE_MODULES = YES;
				CLANG_ENABLE_OBJC_ARC = YES;
				CLANG_ENABLE_OBJC_WEAK = YES;
				CLANG_WARN_BLOCK_CAPTURE_AUTORELEASING = YES;
				CLANG_WARN_BOOL_CONVERSION = YES;
				CLANG_WARN_COMMA = YES;
				CLANG_WARN_CONSTANT_CONVERSION = YES;
				CLANG_WARN_DEPRECATED_OBJC_IMPLEMENTATIONS = YES;
				CLANG_WARN_DIRECT_OBJC_ISA_USAGE = YES_ERROR;
				CLANG_WARN_DOCUMENTATION_COMMENTS = YES;
				CLANG_WARN_EMPTY_BODY = YES;
				CLANG_WARN_ENUM_CONVERSION = YES;
				CLANG_WARN_INFINITE_RECURSION = YES;
				CLANG_WARN_INT_CONVERSION = YES;
				CLANG_WARN_NON_LITERAL_NULL_CONVERSION = YES;
				CLANG_WARN_OBJC_IMPLICIT_RETAIN_SELF = YES;
				CLANG_WARN_OBJC_LITERAL_CONVERSION = YES;
				CLANG_WARN_OBJC_ROOT_CLASS = YES_ERROR;
				CLANG_WARN_QUOTED_INCLUDE_IN_FRAMEWORK_HEADER = YES;
				CLANG_WARN_RANGE_LOOP_ANALYSIS = YES;
				CLANG_WARN_STRICT_PROTOTYPES = YES;
				CLANG_WARN_SUSPICIOUS_MOVE = YES;
				CLANG_WARN_UNGUARDED_AVAILABILITY = YES_AGGRESSIVE;
				CLANG_WARN_UNREACHABLE_CODE = YES;
				CLANG_WARN__DUPLICATE_METHOD_MATCH = YES;
				COPY_PHASE_STRIP = NO;
				DEBUG_INFORMATION_FORMAT = dwarf;
				ENABLE_STRICT_OBJC_MSGSEND = YES;
				ENABLE_TESTABILITY = YES;
				GCC_C_LANGUAGE_STANDARD = gnu11;
				GCC_DYNAMIC_NO_PIC = NO;
				GCC_NO_COMMON_BLOCKS = YES;
				GCC_OPTIMIZATION_LEVEL = 0;
				GCC_PREPROCESSOR_DEFINITIONS = (
					"DEBUG=1",
					"$(inherited)",
				);
				GCC_WARN_64_TO_32_BIT_CONVERSION = YES;
				GCC_WARN_ABOUT_RETURN_TYPE = YES_ERROR;
				GCC_WARN_UNDECLARED_SELECTOR = YES;
				GCC_WARN_UNINITIALIZED_AUTOS = YES_AGGRESSIVE;
				GCC_WARN_UNUSED_FUNCTION = YES;
				GCC_WARN_UNUSED_VARIABLE = YES;
				IPHONEOS_DEPLOYMENT_TARGET = 16.4;
				MTL_ENABLE_DEBUG_INFO = INCLUDE_SOURCE;
				MTL_FAST_MATH = YES;
				ONLY_ACTIVE_ARCH = YES;
				SDKROOT = iphoneos;
				SWIFT_ACTIVE_COMPILATION_CONDITIONS = DEBUG;
				SWIFT_OPTIMIZATION_LEVEL = "-Onone";
			};
			name = Debug;
		};
		C9BE1A7A29F672C2009CCE6D /* Release */ = {
			isa = XCBuildConfiguration;
			buildSettings = {
				ALWAYS_SEARCH_USER_PATHS = NO;
				CLANG_ANALYZER_NONNULL = YES;
				CLANG_ANALYZER_NUMBER_OBJECT_CONVERSION = YES_AGGRESSIVE;
				CLANG_CXX_LANGUAGE_STANDARD = "gnu++20";
				CLANG_ENABLE_MODULES = YES;
				CLANG_ENABLE_OBJC_ARC = YES;
				CLANG_ENABLE_OBJC_WEAK = YES;
				CLANG_WARN_BLOCK_CAPTURE_AUTORELEASING = YES;
				CLANG_WARN_BOOL_CONVERSION = YES;
				CLANG_WARN_COMMA = YES;
				CLANG_WARN_CONSTANT_CONVERSION = YES;
				CLANG_WARN_DEPRECATED_OBJC_IMPLEMENTATIONS = YES;
				CLANG_WARN_DIRECT_OBJC_ISA_USAGE = YES_ERROR;
				CLANG_WARN_DOCUMENTATION_COMMENTS = YES;
				CLANG_WARN_EMPTY_BODY = YES;
				CLANG_WARN_ENUM_CONVERSION = YES;
				CLANG_WARN_INFINITE_RECURSION = YES;
				CLANG_WARN_INT_CONVERSION = YES;
				CLANG_WARN_NON_LITERAL_NULL_CONVERSION = YES;
				CLANG_WARN_OBJC_IMPLICIT_RETAIN_SELF = YES;
				CLANG_WARN_OBJC_LITERAL_CONVERSION = YES;
				CLANG_WARN_OBJC_ROOT_CLASS = YES_ERROR;
				CLANG_WARN_QUOTED_INCLUDE_IN_FRAMEWORK_HEADER = YES;
				CLANG_WARN_RANGE_LOOP_ANALYSIS = YES;
				CLANG_WARN_STRICT_PROTOTYPES = YES;
				CLANG_WARN_SUSPICIOUS_MOVE = YES;
				CLANG_WARN_UNGUARDED_AVAILABILITY = YES_AGGRESSIVE;
				CLANG_WARN_UNREACHABLE_CODE = YES;
				CLANG_WARN__DUPLICATE_METHOD_MATCH = YES;
				COPY_PHASE_STRIP = NO;
				DEBUG_INFORMATION_FORMAT = "dwarf-with-dsym";
				ENABLE_NS_ASSERTIONS = NO;
				ENABLE_STRICT_OBJC_MSGSEND = YES;
				GCC_C_LANGUAGE_STANDARD = gnu11;
				GCC_NO_COMMON_BLOCKS = YES;
				GCC_WARN_64_TO_32_BIT_CONVERSION = YES;
				GCC_WARN_ABOUT_RETURN_TYPE = YES_ERROR;
				GCC_WARN_UNDECLARED_SELECTOR = YES;
				GCC_WARN_UNINITIALIZED_AUTOS = YES_AGGRESSIVE;
				GCC_WARN_UNUSED_FUNCTION = YES;
				GCC_WARN_UNUSED_VARIABLE = YES;
				IPHONEOS_DEPLOYMENT_TARGET = 16.4;
				MTL_ENABLE_DEBUG_INFO = NO;
				MTL_FAST_MATH = YES;
				SDKROOT = iphoneos;
				SWIFT_COMPILATION_MODE = wholemodule;
				SWIFT_OPTIMIZATION_LEVEL = "-O";
				VALIDATE_PRODUCT = YES;
			};
			name = Release;
		};
		C9BE1A7C29F672C2009CCE6D /* Debug */ = {
			isa = XCBuildConfiguration;
			buildSettings = {
				ASSETCATALOG_COMPILER_APPICON_NAME = AppIcon;
				ASSETCATALOG_COMPILER_GLOBAL_ACCENT_COLOR_NAME = AccentColor;
				CODE_SIGN_STYLE = Automatic;
				CURRENT_PROJECT_VERSION = 1;
				DEVELOPMENT_ASSET_PATHS = "\"kindaSwiftUIDemo-Requester/Preview Content\"";
				DEVELOPMENT_TEAM = R252PR8AVU;
				ENABLE_PREVIEWS = YES;
				GENERATE_INFOPLIST_FILE = YES;
				INFOPLIST_KEY_UIApplicationSceneManifest_Generation = YES;
				INFOPLIST_KEY_UIApplicationSupportsIndirectInputEvents = YES;
				INFOPLIST_KEY_UILaunchScreen_Generation = YES;
				INFOPLIST_KEY_UISupportedInterfaceOrientations_iPad = "UIInterfaceOrientationPortrait UIInterfaceOrientationPortraitUpsideDown UIInterfaceOrientationLandscapeLeft UIInterfaceOrientationLandscapeRight";
				INFOPLIST_KEY_UISupportedInterfaceOrientations_iPhone = "UIInterfaceOrientationPortrait UIInterfaceOrientationLandscapeLeft UIInterfaceOrientationLandscapeRight";
				LD_RUNPATH_SEARCH_PATHS = (
					"$(inherited)",
					"@executable_path/Frameworks",
				);
				MARKETING_VERSION = 1.0;
				PRODUCT_BUNDLE_IDENTIFIER = "com.rebeloper.kindaSwiftUIDemo-Requester";
				PRODUCT_NAME = "$(TARGET_NAME)";
				SWIFT_EMIT_LOC_STRINGS = YES;
				SWIFT_VERSION = 5.0;
				TARGETED_DEVICE_FAMILY = "1,2";
			};
			name = Debug;
		};
		C9BE1A7D29F672C2009CCE6D /* Release */ = {
			isa = XCBuildConfiguration;
			buildSettings = {
				ASSETCATALOG_COMPILER_APPICON_NAME = AppIcon;
				ASSETCATALOG_COMPILER_GLOBAL_ACCENT_COLOR_NAME = AccentColor;
				CODE_SIGN_STYLE = Automatic;
				CURRENT_PROJECT_VERSION = 1;
				DEVELOPMENT_ASSET_PATHS = "\"kindaSwiftUIDemo-Requester/Preview Content\"";
				DEVELOPMENT_TEAM = R252PR8AVU;
				ENABLE_PREVIEWS = YES;
				GENERATE_INFOPLIST_FILE = YES;
				INFOPLIST_KEY_UIApplicationSceneManifest_Generation = YES;
				INFOPLIST_KEY_UIApplicationSupportsIndirectInputEvents = YES;
				INFOPLIST_KEY_UILaunchScreen_Generation = YES;
				INFOPLIST_KEY_UISupportedInterfaceOrientations_iPad = "UIInterfaceOrientationPortrait UIInterfaceOrientationPortraitUpsideDown UIInterfaceOrientationLandscapeLeft UIInterfaceOrientationLandscapeRight";
				INFOPLIST_KEY_UISupportedInterfaceOrientations_iPhone = "UIInterfaceOrientationPortrait UIInterfaceOrientationLandscapeLeft UIInterfaceOrientationLandscapeRight";
				LD_RUNPATH_SEARCH_PATHS = (
					"$(inherited)",
					"@executable_path/Frameworks",
				);
				MARKETING_VERSION = 1.0;
				PRODUCT_BUNDLE_IDENTIFIER = "com.rebeloper.kindaSwiftUIDemo-Requester";
				PRODUCT_NAME = "$(TARGET_NAME)";
				SWIFT_EMIT_LOC_STRINGS = YES;
				SWIFT_VERSION = 5.0;
				TARGETED_DEVICE_FAMILY = "1,2";
			};
			name = Release;
		};
/* End XCBuildConfiguration section */

/* Begin XCConfigurationList section */
		C9BE1A6829F672C1009CCE6D /* Build configuration list for PBXProject "kindaSwiftUIDemo-Requester" */ = {
			isa = XCConfigurationList;
			buildConfigurations = (
				C9BE1A7929F672C2009CCE6D /* Debug */,
				C9BE1A7A29F672C2009CCE6D /* Release */,
			);
			defaultConfigurationIsVisible = 0;
			defaultConfigurationName = Release;
		};
		C9BE1A7B29F672C2009CCE6D /* Build configuration list for PBXNativeTarget "kindaSwiftUIDemo-Requester" */ = {
			isa = XCConfigurationList;
			buildConfigurations = (
				C9BE1A7C29F672C2009CCE6D /* Debug */,
				C9BE1A7D29F672C2009CCE6D /* Release */,
			);
			defaultConfigurationIsVisible = 0;
			defaultConfigurationName = Release;
		};
/* End XCConfigurationList section */

/* Begin XCRemoteSwiftPackageReference section */
		C9BE1AAD29F682FC009CCE6D /* XCRemoteSwiftPackageReference "kindaSwiftUI" */ = {
			isa = XCRemoteSwiftPackageReference;
			repositoryURL = "https://github.com/rebeloperAlpar/kindaSwiftUI.git";
			requirement = {
				kind = upToNextMajorVersion;
				minimumVersion = 1.0.0;
			};
		};
/* End XCRemoteSwiftPackageReference section */

/* Begin XCSwiftPackageProductDependency section */
		C9BE1AAE29F682FC009CCE6D /* kindaSwiftUI */ = {
			isa = XCSwiftPackageProductDependency;
			package = C9BE1AAD29F682FC009CCE6D /* XCRemoteSwiftPackageReference "kindaSwiftUI" */;
			productName = kindaSwiftUI;
		};
/* End XCSwiftPackageProductDependency section */
	};
	rootObject = C9BE1A6529F672C1009CCE6D /* Project object */;
}
